
Microsoft Visual Studio Solution File, Format Version 12.00
# Visual Studio Version 17
VisualStudioVersion = 17.12.35707.178
MinimumVisualStudioVersion = 10.0.40219.1
Project("{2150E333-8FDC-42A3-9474-1A3956D46DE8}") = "Services", "Services", "{01F152D6-988D-4744-B38C-552FE26B9177}"
EndProject
Project("{2150E333-8FDC-42A3-9474-1A3956D46DE8}") = "Catalog", "Catalog", "{0E658A2C-750B-45F1-8A9C-E3617166EC80}"
EndProject
Project("{FAE04EC0-301F-11D3-BF4B-00C04F79EFBC}") = "Catalog.API", "Services\Catalog\Catalog.API\Catalog.API.csproj", "{1AD63297-7D3C-48E5-A7EA-262B9C429BEB}"
EndProject
Global
	GlobalSection(SolutionConfigurationPlatforms) = preSolution
		Debug|Any CPU = Debug|Any CPU
		Release|Any CPU = Release|Any CPU
	EndGlobalSection
	GlobalSection(ProjectConfigurationPlatforms) = postSolution
		{1AD63297-7D3C-48E5-A7EA-262B9C429BEB}.Debug|Any CPU.ActiveCfg = Debug|Any CPU
		{1AD63297-7D3C-48E5-A7EA-262B9C429BEB}.Debug|Any CPU.Build.0 = Debug|Any CPU
		{1AD63297-7D3C-48E5-A7EA-262B9C429BEB}.Release|Any CPU.ActiveCfg = Release|Any CPU
		{1AD63297-7D3C-48E5-A7EA-262B9C429BEB}.Release|Any CPU.Build.0 = Release|Any CPU
	EndGlobalSection
	GlobalSection(SolutionProperties) = preSolution
		HideSolutionNode = FALSE
	EndGlobalSection
	GlobalSection(NestedProjects) = preSolution
		{0E658A2C-750B-45F1-8A9C-E3617166EC80} = {01F152D6-988D-4744-B38C-552FE26B9177}
		{1AD63297-7D3C-48E5-A7EA-262B9C429BEB} = {0E658A2C-750B-45F1-8A9C-E3617166EC80}
	EndGlobalSection
EndGlobal
